
Microsoft Visual Studio Solution File, Format Version 12.00
# Visual Studio Version 17
VisualStudioVersion = 17.10.35013.160
MinimumVisualStudioVersion = 10.0.40219.1
Project("{9A19103F-16F7-4668-BE54-9A1E7A4F7556}") = "Demo01", "Demo01\Demo01.csproj", "{AD7418BA-1930-4AD3-AA93-936961C972B7}"
EndProject
Project("{9A19103F-16F7-4668-BE54-9A1E7A4F7556}") = "Demo02", "Demo02\Demo02.csproj", "{44AEF6BC-3D90-4D4F-8D33-074E2B66FB13}"
EndProject
Project("{9A19103F-16F7-4668-BE54-9A1E7A4F7556}") = "Demo03", "Demo03\Demo03.csproj", "{18DC014A-C15A-4ABF-BCEB-1E6C10F50096}"
EndProject
Project("{9A19103F-16F7-4668-BE54-9A1E7A4F7556}") = "Demo04", "Demo04\Demo04.csproj", "{D13E489E-79F9-44AB-9116-56B78960CC44}"
EndProject
Project("{9A19103F-16F7-4668-BE54-9A1E7A4F7556}") = "Demo05", "Demo05\Demo05.csproj", "{5906F38C-857B-49BE-B06E-B98C8AE81D84}"
EndProject
Project("{FAE04EC0-301F-11D3-BF4B-00C04F79EFBC}") = "Demo06", "Demo06\Demo06.csproj", "{675B4C80-845B-45AE-95C0-30E2B92E51D6}"
EndProject
Project("{FAE04EC0-301F-11D3-BF4B-00C04F79EFBC}") = "Demo07", "Demo07\Demo07.csproj", "{45570F63-A3BD-46BB-8691-BC5206A495A9}"
EndProject
Project("{FAE04EC0-301F-11D3-BF4B-00C04F79EFBC}") = "Demo08", "Demo08\Demo08.csproj", "{963833D8-C775-4549-9369-3D9F0E52F641}"
EndProject
Project("{FAE04EC0-301F-11D3-BF4B-00C04F79EFBC}") = "Demo09", "Demo09\Demo09.csproj", "{853CE392-2654-41A7-94E7-5A8BEE87942B}"
EndProject
Global
	GlobalSection(SolutionConfigurationPlatforms) = preSolution
		Debug|Any CPU = Debug|Any CPU
		Release|Any CPU = Release|Any CPU
	EndGlobalSection
	GlobalSection(ProjectConfigurationPlatforms) = postSolution
		{AD7418BA-1930-4AD3-AA93-936961C972B7}.Debug|Any CPU.ActiveCfg = Debug|Any CPU
		{AD7418BA-1930-4AD3-AA93-936961C972B7}.Debug|Any CPU.Build.0 = Debug|Any CPU
		{AD7418BA-1930-4AD3-AA93-936961C972B7}.Release|Any CPU.ActiveCfg = Release|Any CPU
		{AD7418BA-1930-4AD3-AA93-936961C972B7}.Release|Any CPU.Build.0 = Release|Any CPU
		{44AEF6BC-3D90-4D4F-8D33-074E2B66FB13}.Debug|Any CPU.ActiveCfg = Debug|Any CPU
		{44AEF6BC-3D90-4D4F-8D33-074E2B66FB13}.Debug|Any CPU.Build.0 = Debug|Any CPU
		{44AEF6BC-3D90-4D4F-8D33-074E2B66FB13}.Release|Any CPU.ActiveCfg = Release|Any CPU
		{44AEF6BC-3D90-4D4F-8D33-074E2B66FB13}.Release|Any CPU.Build.0 = Release|Any CPU
		{18DC014A-C15A-4ABF-BCEB-1E6C10F50096}.Debug|Any CPU.ActiveCfg = Debug|Any CPU
		{18DC014A-C15A-4ABF-BCEB-1E6C10F50096}.Debug|Any CPU.Build.0 = Debug|Any CPU
		{18DC014A-C15A-4ABF-BCEB-1E6C10F50096}.Release|Any CPU.ActiveCfg = Release|Any CPU
		{18DC014A-C15A-4ABF-BCEB-1E6C10F50096}.Release|Any CPU.Build.0 = Release|Any CPU
		{D13E489E-79F9-44AB-9116-56B78960CC44}.Debug|Any CPU.ActiveCfg = Debug|Any CPU
		{D13E489E-79F9-44AB-9116-56B78960CC44}.Debug|Any CPU.Build.0 = Debug|Any CPU
		{D13E489E-79F9-44AB-9116-56B78960CC44}.Release|Any CPU.ActiveCfg = Release|Any CPU
		{D13E489E-79F9-44AB-9116-56B78960CC44}.Release|Any CPU.Build.0 = Release|Any CPU
		{5906F38C-857B-49BE-B06E-B98C8AE81D84}.Debug|Any CPU.ActiveCfg = Debug|Any CPU
		{5906F38C-857B-49BE-B06E-B98C8AE81D84}.Debug|Any CPU.Build.0 = Debug|Any CPU
		{5906F38C-857B-49BE-B06E-B98C8AE81D84}.Release|Any CPU.ActiveCfg = Release|Any CPU
		{5906F38C-857B-49BE-B06E-B98C8AE81D84}.Release|Any CPU.Build.0 = Release|Any CPU
		{675B4C80-845B-45AE-95C0-30E2B92E51D6}.Debug|Any CPU.ActiveCfg = Debug|Any CPU
		{675B4C80-845B-45AE-95C0-30E2B92E51D6}.Debug|Any CPU.Build.0 = Debug|Any CPU
		{675B4C80-845B-45AE-95C0-30E2B92E51D6}.Release|Any CPU.ActiveCfg = Release|Any CPU
		{675B4C80-845B-45AE-95C0-30E2B92E51D6}.Release|Any CPU.Build.0 = Release|Any CPU
		{45570F63-A3BD-46BB-8691-BC5206A495A9}.Debug|Any CPU.ActiveCfg = Debug|Any CPU
		{45570F63-A3BD-46BB-8691-BC5206A495A9}.Debug|Any CPU.Build.0 = Debug|Any CPU
		{45570F63-A3BD-46BB-8691-BC5206A495A9}.Release|Any CPU.ActiveCfg = Release|Any CPU
		{45570F63-A3BD-46BB-8691-BC5206A495A9}.Release|Any CPU.Build.0 = Release|Any CPU
		{963833D8-C775-4549-9369-3D9F0E52F641}.Debug|Any CPU.ActiveCfg = Debug|Any CPU
		{963833D8-C775-4549-9369-3D9F0E52F641}.Debug|Any CPU.Build.0 = Debug|Any CPU
		{963833D8-C775-4549-9369-3D9F0E52F641}.Release|Any CPU.ActiveCfg = Release|Any CPU
		{963833D8-C775-4549-9369-3D9F0E52F641}.Release|Any CPU.Build.0 = Release|Any CPU
		{853CE392-2654-41A7-94E7-5A8BEE87942B}.Debug|Any CPU.ActiveCfg = Debug|Any CPU
		{853CE392-2654-41A7-94E7-5A8BEE87942B}.Debug|Any CPU.Build.0 = Debug|Any CPU
		{853CE392-2654-41A7-94E7-5A8BEE87942B}.Release|Any CPU.ActiveCfg = Release|Any CPU
		{853CE392-2654-41A7-94E7-5A8BEE87942B}.Release|Any CPU.Build.0 = Release|Any CPU
	EndGlobalSection
	GlobalSection(SolutionProperties) = preSolution
		HideSolutionNode = FALSE
	EndGlobalSection
	GlobalSection(ExtensibilityGlobals) = postSolution
		SolutionGuid = {E15AFEA7-9FBE-490D-9C26-419CDA53DC08}
	EndGlobalSection
EndGlobal
